
Microsoft Visual Studio Solution File, Format Version 12.00
# Visual Studio Version 17
VisualStudioVersion = 17.11.35222.181
MinimumVisualStudioVersion = 10.0.40219.1
Project("{FAE04EC0-301F-11D3-BF4B-00C04F79EFBC}") = "Лабораторная работа №10", "Лабораторная работа №10\Лабораторная работа №10.csproj", "{3E6EDD55-7814-4B31-9DD1-EF3B7C0D7E11}"
EndProject
Global
	GlobalSection(SolutionConfigurationPlatforms) = preSolution
		Debug|Any CPU = Debug|Any CPU
		Release|Any CPU = Release|Any CPU
	EndGlobalSection
	GlobalSection(ProjectConfigurationPlatforms) = postSolution
		{3E6EDD55-7814-4B31-9DD1-EF3B7C0D7E11}.Debug|Any CPU.ActiveCfg = Debug|Any CPU
		{3E6EDD55-7814-4B31-9DD1-EF3B7C0D7E11}.Debug|Any CPU.Build.0 = Debug|Any CPU
		{3E6EDD55-7814-4B31-9DD1-EF3B7C0D7E11}.Release|Any CPU.ActiveCfg = Release|Any CPU
		{3E6EDD55-7814-4B31-9DD1-EF3B7C0D7E11}.Release|Any CPU.Build.0 = Release|Any CPU
	EndGlobalSection
	GlobalSection(SolutionProperties) = preSolution
		HideSolutionNode = FALSE
	EndGlobalSection
	GlobalSection(ExtensibilityGlobals) = postSolution
		SolutionGuid = {E584C364-771E-49DC-91E3-12C54C959F88}
	EndGlobalSection
EndGlobal
